
Microsoft Visual Studio Solution File, Format Version 12.00
# Visual Studio Version 17
VisualStudioVersion = 17.0.31903.59
MinimumVisualStudioVersion = 10.0.40219.1
Project("{2150E333-8FDC-42A3-9474-1A3956D46DE8}") = "Core", "Core", "{FBF56CC3-7AE6-AD2D-3F14-7F97FD322CD6}"
EndProject
Project("{FAE04EC0-301F-11D3-BF4B-00C04F79EFBC}") = "WSharp.Core.Application", "Core\WSharp.Core.Application\WSharp.Core.Application.csproj", "{D479E6F8-8035-4919-9ED5-17A6C999CD71}"
EndProject
Project("{FAE04EC0-301F-11D3-BF4B-00C04F79EFBC}") = "WSharp.Core.Domain", "Core\WSharp.Core.Domain\WSharp.Core.Domain.csproj", "{CC141F79-A2DD-46BB-A1C1-6CF7A67B0C6F}"
EndProject
Project("{FAE04EC0-301F-11D3-BF4B-00C04F79EFBC}") = "WSharp.Core.Shared", "Core\WSharp.Core.Shared\WSharp.Core.Shared.csproj", "{F0A10208-CB28-40E5-BC8F-13378C0B8C9B}"
EndProject
Project("{2150E333-8FDC-42A3-9474-1A3956D46DE8}") = "Infrastructure", "Infrastructure", "{DFEE68D8-A7D0-1A41-506C-9B74AA9A7B7B}"
EndProject
Project("{FAE04EC0-301F-11D3-BF4B-00C04F79EFBC}") = "WSharp.Infrastructure.Caching.Memory", "Infrastructure\WSharp.Infrastructure.Caching.Memory\WSharp.Infrastructure.Caching.Memory.csproj", "{56E737D1-90BC-4CD2-B65E-F03075CCA4CB}"
EndProject
Project("{FAE04EC0-301F-11D3-BF4B-00C04F79EFBC}") = "WSharp.Infrastructure.Caching.Redis", "Infrastructure\WSharp.Infrastructure.Caching.Redis\WSharp.Infrastructure.Caching.Redis.csproj", "{15B44D3A-F56A-4F43-AA87-9409199FD7EB}"
EndProject
Project("{FAE04EC0-301F-11D3-BF4B-00C04F79EFBC}") = "WSharp.Infrastructure.Caching", "Infrastructure\WSharp.Infrastructure.Caching\WSharp.Infrastructure.Caching.csproj", "{B1E88386-C932-4F7A-846E-8849C22FBE9B}"
EndProject
Project("{FAE04EC0-301F-11D3-BF4B-00C04F79EFBC}") = "WSharp.Infrastructure.Data.Dapper", "Infrastructure\WSharp.Infrastructure.Data.Dapper\WSharp.Infrastructure.Data.Dapper.csproj", "{9CC4567F-1D10-4658-8BC9-37BC10F14E39}"
EndProject
Project("{FAE04EC0-301F-11D3-BF4B-00C04F79EFBC}") = "WSharp.Infrastructure.Data.EntityFramework", "Infrastructure\WSharp.Infrastructure.Data.EntityFramework\WSharp.Infrastructure.Data.EntityFramework.csproj", "{B30892D7-208A-4077-919E-50DCA87FFEBD}"
EndProject
Project("{FAE04EC0-301F-11D3-BF4B-00C04F79EFBC}") = "WSharp.Infrastructure.Data.MongoDB", "Infrastructure\WSharp.Infrastructure.Data.MongoDB\WSharp.Infrastructure.Data.MongoDB.csproj", "{6D32EB2A-45CF-42C2-BD69-3E59C6E44CC0}"
EndProject
Project("{FAE04EC0-301F-11D3-BF4B-00C04F79EFBC}") = "WSharp.Infrastructure.Data.MySQL", "Infrastructure\WSharp.Infrastructure.Data.MySQL\WSharp.Infrastructure.Data.MySQL.csproj", "{759BD12A-52A6-4F83-BDC9-88807B0FF7B6}"
EndProject
Project("{FAE04EC0-301F-11D3-BF4B-00C04F79EFBC}") = "WSharp.Infrastructure.Data.PostgreSQL", "Infrastructure\WSharp.Infrastructure.Data.PostgreSQL\WSharp.Infrastructure.Data.PostgreSQL.csproj", "{13F37857-4D86-4687-9CBD-CFCFC5075674}"
EndProject
Project("{FAE04EC0-301F-11D3-BF4B-00C04F79EFBC}") = "WSharp.Infrastructure.Data.SqlServer", "Infrastructure\WSharp.Infrastructure.Data.SqlServer\WSharp.Infrastructure.Data.SqlServer.csproj", "{0729A816-9B29-4423-A5E2-C243B5DA4E8D}"
EndProject
Project("{FAE04EC0-301F-11D3-BF4B-00C04F79EFBC}") = "WSharp.Infrastructure.Data", "Infrastructure\WSharp.Infrastructure.Data\WSharp.Infrastructure.Data.csproj", "{AB355813-6AD6-4728-A1D4-82FABCCB0461}"
EndProject
Project("{FAE04EC0-301F-11D3-BF4B-00C04F79EFBC}") = "WSharp.Infrastructure.Logging", "Infrastructure\WSharp.Infrastructure.Logging\WSharp.Infrastructure.Logging.csproj", "{4703F387-0542-4BDE-AF77-F9FAD027D6BC}"
EndProject
Project("{FAE04EC0-301F-11D3-BF4B-00C04F79EFBC}") = "WSharp.Infrastructure.MessageQueue.Kafka", "Infrastructure\WSharp.Infrastructure.MessageQueue.Kafka\WSharp.Infrastructure.MessageQueue.Kafka.csproj", "{D7D3EE0E-7032-4EF7-955D-D8EE0E6A0106}"
EndProject
Project("{FAE04EC0-301F-11D3-BF4B-00C04F79EFBC}") = "WSharp.Infrastructure.MessageQueue.RabbitMQ", "Infrastructure\WSharp.Infrastructure.MessageQueue.RabbitMQ\WSharp.Infrastructure.MessageQueue.RabbitMQ.csproj", "{05AE1E12-5D2B-4BF8-8D5D-FDF2ECA54341}"
EndProject
Project("{FAE04EC0-301F-11D3-BF4B-00C04F79EFBC}") = "WSharp.Infrastructure.MessageQueue", "Infrastructure\WSharp.Infrastructure.MessageQueue\WSharp.Infrastructure.MessageQueue.csproj", "{33C3DDEF-88CD-4DE1-A9DE-91BCD7A394F1}"
EndProject
Project("{FAE04EC0-301F-11D3-BF4B-00C04F79EFBC}") = "WSharp.Infrastructure.Search.Elasticsearch", "Infrastructure\WSharp.Infrastructure.Search.Elasticsearch\WSharp.Infrastructure.Search.Elasticsearch.csproj", "{E3621860-FCFF-4DF6-8CC3-D747D562D58E}"
EndProject
Project("{2150E333-8FDC-42A3-9474-1A3956D46DE8}") = "Authentication", "Authentication", "{4695A4CC-2808-B473-78D8-BE303A4A5026}"
EndProject
Project("{FAE04EC0-301F-11D3-BF4B-00C04F79EFBC}") = "WSharp.Authentication.Jwt", "Authentication\WSharp.Authentication.Jwt\WSharp.Authentication.Jwt.csproj", "{21AA468A-861D-41F3-860C-56E226CE1BD7}"
EndProject
Project("{FAE04EC0-301F-11D3-BF4B-00C04F79EFBC}") = "WSharp.Authentication.OAuth", "Authentication\WSharp.Authentication.OAuth\WSharp.Authentication.OAuth.csproj", "{E631FCC6-6F53-4E45-A0BE-3C4A1088E576}"
EndProject
Project("{FAE04EC0-301F-11D3-BF4B-00C04F79EFBC}") = "WSharp.Authorization", "Authentication\WSharp.Authorization\WSharp.Authorization.csproj", "{035E067A-401F-4FCA-9627-9788E3AEF4E3}"
EndProject
Project("{2150E333-8FDC-42A3-9474-1A3956D46DE8}") = "WebApi", "WebApi", "{6EDC7094-E22D-CF10-605B-B42C7FB8B0A8}"
EndProject
Project("{FAE04EC0-301F-11D3-BF4B-00C04F79EFBC}") = "WSharp.WebApi.Swagger", "WebApi\WSharp.WebApi.Swagger\WSharp.WebApi.Swagger.csproj", "{A5FFA2AE-25DE-406C-A5C3-B513C53194B3}"
EndProject
Project("{FAE04EC0-301F-11D3-BF4B-00C04F79EFBC}") = "WSharp.WebApi.Versioning", "WebApi\WSharp.WebApi.Versioning\WSharp.WebApi.Versioning.csproj", "{7A54DD80-AE6B-48E9-92F8-C6D4DD759632}"
EndProject
Project("{FAE04EC0-301F-11D3-BF4B-00C04F79EFBC}") = "WSharp.WebApi", "WebApi\WSharp.WebApi\WSharp.WebApi.csproj", "{F6C64C5E-26B9-4034-9792-820097EB39AC}"
EndProject
Project("{2150E333-8FDC-42A3-9474-1A3956D46DE8}") = "Distributed", "Distributed", "{73F6F5C5-DEE9-7566-7E45-80314309C301}"
EndProject
Project("{FAE04EC0-301F-11D3-BF4B-00C04F79EFBC}") = "WSharp.Distributed.Resilience", "Distributed\WSharp.Distributed.Resilience\WSharp.Distributed.Resilience.csproj", "{F78E8CC7-6C28-4838-8D11-816DF0B6B251}"
EndProject
Project("{FAE04EC0-301F-11D3-BF4B-00C04F79EFBC}") = "WSharp.Distributed.ServiceDiscovery", "Distributed\WSharp.Distributed.ServiceDiscovery\WSharp.Distributed.ServiceDiscovery.csproj", "{6576C37B-B1CB-4B46-9B30-771FD88B40B0}"
EndProject
Project("{FAE04EC0-301F-11D3-BF4B-00C04F79EFBC}") = "WSharp.Distributed.Tracing", "Distributed\WSharp.Distributed.Tracing\WSharp.Distributed.Tracing.csproj", "{F4539212-A345-4248-80D9-50A301227EFC}"
EndProject
Project("{FAE04EC0-301F-11D3-BF4B-00C04F79EFBC}") = "WSharp.Distributed.Transaction", "Distributed\WSharp.Distributed.Transaction\WSharp.Distributed.Transaction.csproj", "{4DFF7C68-ECD0-4DE9-A33E-5CDB9A5B13FD}"
EndProject
Project("{2150E333-8FDC-42A3-9474-1A3956D46DE8}") = "Gateway", "Gateway", "{E7BDDBC6-9FD1-D1D7-ACD8-2C4F8E3D2461}"
EndProject
Project("{FAE04EC0-301F-11D3-BF4B-00C04F79EFBC}") = "WSharp.Gateway", "Gateway\WSharp.Gateway\WSharp.Gateway.csproj", "{A7A5C956-38A4-4354-83B1-3F1294BC1B97}"
EndProject
Project("{2150E333-8FDC-42A3-9474-1A3956D46DE8}") = "Configuration", "Configuration", "{1ED04488-230B-86DB-8CF1-429704D2F8F4}"
EndProject
Project("{FAE04EC0-301F-11D3-BF4B-00C04F79EFBC}") = "WSharp.Configuration", "Configuration\WSharp.Configuration\WSharp.Configuration.csproj", "{6369583D-8564-4D5C-AF37-6F84E23BB998}"
EndProject
Project("{2150E333-8FDC-42A3-9474-1A3956D46DE8}") = "ExceptionHandling", "ExceptionHandling", "{055277D8-0B3B-A388-B9E2-0CA913C660FF}"
EndProject
Project("{FAE04EC0-301F-11D3-BF4B-00C04F79EFBC}") = "WSharp.ExceptionHandling", "ExceptionHandling\WSharp.ExceptionHandling\WSharp.ExceptionHandling.csproj", "{3975F5FA-C1FC-4DA2-AC6D-F97DA58E2808}"
EndProject
Project("{2150E333-8FDC-42A3-9474-1A3956D46DE8}") = "HealthChecks", "HealthChecks", "{6F36DFF3-7462-FD5A-2A3F-DE707B7A185D}"
EndProject
Project("{FAE04EC0-301F-11D3-BF4B-00C04F79EFBC}") = "WSharp.HealthChecks", "HealthChecks\WSharp.HealthChecks\WSharp.HealthChecks.csproj", "{EABC809B-802A-4D86-B527-15727019230B}"
EndProject
Project("{FAE04EC0-301F-11D3-BF4B-00C04F79EFBC}") = "WSharp.Core.Tests", "..\test\WSharp.Core.Tests\WSharp.Core.Tests.csproj", "{B12E9200-2A7E-426D-9ED4-C913CB98BA9A}"
EndProject
Project("{FAE04EC0-301F-11D3-BF4B-00C04F79EFBC}") = "WSharp.Infrastructure.Tests", "..\test\WSharp.Infrastructure.Tests\WSharp.Infrastructure.Tests.csproj", "{D4C81645-48F5-46CD-BEDE-E562048F9732}"
EndProject
Project("{FAE04EC0-301F-11D3-BF4B-00C04F79EFBC}") = "WSharp.IntegrationTests", "..\test\WSharp.IntegrationTests\WSharp.IntegrationTests.csproj", "{A468A45C-18CD-49D1-8F71-70F2A945C398}"
EndProject
Project("{FAE04EC0-301F-11D3-BF4B-00C04F79EFBC}") = "WSharp.Sample.WebApi", "..\samples\WSharp.Sample.WebApi\WSharp.Sample.WebApi.csproj", "{B289A98C-300A-4B04-83F4-21C5DA478246}"
EndProject
Project("{FAE04EC0-301F-11D3-BF4B-00C04F79EFBC}") = "WSharp.ExceptionHandling", "WebApi\WSharp.ExceptionHandling\WSharp.ExceptionHandling.csproj", "{08656F08-FDC9-4918-BF51-26F1C9D9AE8F}"
EndProject
Global
	GlobalSection(SolutionConfigurationPlatforms) = preSolution
		Debug|Any CPU = Debug|Any CPU
		Debug|x64 = Debug|x64
		Debug|x86 = Debug|x86
		Release|Any CPU = Release|Any CPU
		Release|x64 = Release|x64
		Release|x86 = Release|x86
	EndGlobalSection
	GlobalSection(ProjectConfigurationPlatforms) = postSolution
		{D479E6F8-8035-4919-9ED5-17A6C999CD71}.Debug|Any CPU.ActiveCfg = Debug|Any CPU
		{D479E6F8-8035-4919-9ED5-17A6C999CD71}.Debug|Any CPU.Build.0 = Debug|Any CPU
		{D479E6F8-8035-4919-9ED5-17A6C999CD71}.Debug|x64.ActiveCfg = Debug|Any CPU
		{D479E6F8-8035-4919-9ED5-17A6C999CD71}.Debug|x64.Build.0 = Debug|Any CPU
		{D479E6F8-8035-4919-9ED5-17A6C999CD71}.Debug|x86.ActiveCfg = Debug|Any CPU
		{D479E6F8-8035-4919-9ED5-17A6C999CD71}.Debug|x86.Build.0 = Debug|Any CPU
		{D479E6F8-8035-4919-9ED5-17A6C999CD71}.Release|Any CPU.ActiveCfg = Release|Any CPU
		{D479E6F8-8035-4919-9ED5-17A6C999CD71}.Release|Any CPU.Build.0 = Release|Any CPU
		{D479E6F8-8035-4919-9ED5-17A6C999CD71}.Release|x64.ActiveCfg = Release|Any CPU
		{D479E6F8-8035-4919-9ED5-17A6C999CD71}.Release|x64.Build.0 = Release|Any CPU
		{D479E6F8-8035-4919-9ED5-17A6C999CD71}.Release|x86.ActiveCfg = Release|Any CPU
		{D479E6F8-8035-4919-9ED5-17A6C999CD71}.Release|x86.Build.0 = Release|Any CPU
		{CC141F79-A2DD-46BB-A1C1-6CF7A67B0C6F}.Debug|Any CPU.ActiveCfg = Debug|Any CPU
		{CC141F79-A2DD-46BB-A1C1-6CF7A67B0C6F}.Debug|Any CPU.Build.0 = Debug|Any CPU
		{CC141F79-A2DD-46BB-A1C1-6CF7A67B0C6F}.Debug|x64.ActiveCfg = Debug|Any CPU
		{CC141F79-A2DD-46BB-A1C1-6CF7A67B0C6F}.Debug|x64.Build.0 = Debug|Any CPU
		{CC141F79-A2DD-46BB-A1C1-6CF7A67B0C6F}.Debug|x86.ActiveCfg = Debug|Any CPU
		{CC141F79-A2DD-46BB-A1C1-6CF7A67B0C6F}.Debug|x86.Build.0 = Debug|Any CPU
		{CC141F79-A2DD-46BB-A1C1-6CF7A67B0C6F}.Release|Any CPU.ActiveCfg = Release|Any CPU
		{CC141F79-A2DD-46BB-A1C1-6CF7A67B0C6F}.Release|Any CPU.Build.0 = Release|Any CPU
		{CC141F79-A2DD-46BB-A1C1-6CF7A67B0C6F}.Release|x64.ActiveCfg = Release|Any CPU
		{CC141F79-A2DD-46BB-A1C1-6CF7A67B0C6F}.Release|x64.Build.0 = Release|Any CPU
		{CC141F79-A2DD-46BB-A1C1-6CF7A67B0C6F}.Release|x86.ActiveCfg = Release|Any CPU
		{CC141F79-A2DD-46BB-A1C1-6CF7A67B0C6F}.Release|x86.Build.0 = Release|Any CPU
		{F0A10208-CB28-40E5-BC8F-13378C0B8C9B}.Debug|Any CPU.ActiveCfg = Debug|Any CPU
		{F0A10208-CB28-40E5-BC8F-13378C0B8C9B}.Debug|Any CPU.Build.0 = Debug|Any CPU
		{F0A10208-CB28-40E5-BC8F-13378C0B8C9B}.Debug|x64.ActiveCfg = Debug|Any CPU
		{F0A10208-CB28-40E5-BC8F-13378C0B8C9B}.Debug|x64.Build.0 = Debug|Any CPU
		{F0A10208-CB28-40E5-BC8F-13378C0B8C9B}.Debug|x86.ActiveCfg = Debug|Any CPU
		{F0A10208-CB28-40E5-BC8F-13378C0B8C9B}.Debug|x86.Build.0 = Debug|Any CPU
		{F0A10208-CB28-40E5-BC8F-13378C0B8C9B}.Release|Any CPU.ActiveCfg = Release|Any CPU
		{F0A10208-CB28-40E5-BC8F-13378C0B8C9B}.Release|Any CPU.Build.0 = Release|Any CPU
		{F0A10208-CB28-40E5-BC8F-13378C0B8C9B}.Release|x64.ActiveCfg = Release|Any CPU
		{F0A10208-CB28-40E5-BC8F-13378C0B8C9B}.Release|x64.Build.0 = Release|Any CPU
		{F0A10208-CB28-40E5-BC8F-13378C0B8C9B}.Release|x86.ActiveCfg = Release|Any CPU
		{F0A10208-CB28-40E5-BC8F-13378C0B8C9B}.Release|x86.Build.0 = Release|Any CPU
		{56E737D1-90BC-4CD2-B65E-F03075CCA4CB}.Debug|Any CPU.ActiveCfg = Debug|Any CPU
		{56E737D1-90BC-4CD2-B65E-F03075CCA4CB}.Debug|Any CPU.Build.0 = Debug|Any CPU
		{56E737D1-90BC-4CD2-B65E-F03075CCA4CB}.Debug|x64.ActiveCfg = Debug|Any CPU
		{56E737D1-90BC-4CD2-B65E-F03075CCA4CB}.Debug|x64.Build.0 = Debug|Any CPU
		{56E737D1-90BC-4CD2-B65E-F03075CCA4CB}.Debug|x86.ActiveCfg = Debug|Any CPU
		{56E737D1-90BC-4CD2-B65E-F03075CCA4CB}.Debug|x86.Build.0 = Debug|Any CPU
		{56E737D1-90BC-4CD2-B65E-F03075CCA4CB}.Release|Any CPU.ActiveCfg = Release|Any CPU
		{56E737D1-90BC-4CD2-B65E-F03075CCA4CB}.Release|Any CPU.Build.0 = Release|Any CPU
		{56E737D1-90BC-4CD2-B65E-F03075CCA4CB}.Release|x64.ActiveCfg = Release|Any CPU
		{56E737D1-90BC-4CD2-B65E-F03075CCA4CB}.Release|x64.Build.0 = Release|Any CPU
		{56E737D1-90BC-4CD2-B65E-F03075CCA4CB}.Release|x86.ActiveCfg = Release|Any CPU
		{56E737D1-90BC-4CD2-B65E-F03075CCA4CB}.Release|x86.Build.0 = Release|Any CPU
		{15B44D3A-F56A-4F43-AA87-9409199FD7EB}.Debug|Any CPU.ActiveCfg = Debug|Any CPU
		{15B44D3A-F56A-4F43-AA87-9409199FD7EB}.Debug|Any CPU.Build.0 = Debug|Any CPU
		{15B44D3A-F56A-4F43-AA87-9409199FD7EB}.Debug|x64.ActiveCfg = Debug|Any CPU
		{15B44D3A-F56A-4F43-AA87-9409199FD7EB}.Debug|x64.Build.0 = Debug|Any CPU
		{15B44D3A-F56A-4F43-AA87-9409199FD7EB}.Debug|x86.ActiveCfg = Debug|Any CPU
		{15B44D3A-F56A-4F43-AA87-9409199FD7EB}.Debug|x86.Build.0 = Debug|Any CPU
		{15B44D3A-F56A-4F43-AA87-9409199FD7EB}.Release|Any CPU.ActiveCfg = Release|Any CPU
		{15B44D3A-F56A-4F43-AA87-9409199FD7EB}.Release|Any CPU.Build.0 = Release|Any CPU
		{15B44D3A-F56A-4F43-AA87-9409199FD7EB}.Release|x64.ActiveCfg = Release|Any CPU
		{15B44D3A-F56A-4F43-AA87-9409199FD7EB}.Release|x64.Build.0 = Release|Any CPU
		{15B44D3A-F56A-4F43-AA87-9409199FD7EB}.Release|x86.ActiveCfg = Release|Any CPU
		{15B44D3A-F56A-4F43-AA87-9409199FD7EB}.Release|x86.Build.0 = Release|Any CPU
		{B1E88386-C932-4F7A-846E-8849C22FBE9B}.Debug|Any CPU.ActiveCfg = Debug|Any CPU
		{B1E88386-C932-4F7A-846E-8849C22FBE9B}.Debug|Any CPU.Build.0 = Debug|Any CPU
		{B1E88386-C932-4F7A-846E-8849C22FBE9B}.Debug|x64.ActiveCfg = Debug|Any CPU
		{B1E88386-C932-4F7A-846E-8849C22FBE9B}.Debug|x64.Build.0 = Debug|Any CPU
		{B1E88386-C932-4F7A-846E-8849C22FBE9B}.Debug|x86.ActiveCfg = Debug|Any CPU
		{B1E88386-C932-4F7A-846E-8849C22FBE9B}.Debug|x86.Build.0 = Debug|Any CPU
		{B1E88386-C932-4F7A-846E-8849C22FBE9B}.Release|Any CPU.ActiveCfg = Release|Any CPU
		{B1E88386-C932-4F7A-846E-8849C22FBE9B}.Release|Any CPU.Build.0 = Release|Any CPU
		{B1E88386-C932-4F7A-846E-8849C22FBE9B}.Release|x64.ActiveCfg = Release|Any CPU
		{B1E88386-C932-4F7A-846E-8849C22FBE9B}.Release|x64.Build.0 = Release|Any CPU
		{B1E88386-C932-4F7A-846E-8849C22FBE9B}.Release|x86.ActiveCfg = Release|Any CPU
		{B1E88386-C932-4F7A-846E-8849C22FBE9B}.Release|x86.Build.0 = Release|Any CPU
		{9CC4567F-1D10-4658-8BC9-37BC10F14E39}.Debug|Any CPU.ActiveCfg = Debug|Any CPU
		{9CC4567F-1D10-4658-8BC9-37BC10F14E39}.Debug|Any CPU.Build.0 = Debug|Any CPU
		{9CC4567F-1D10-4658-8BC9-37BC10F14E39}.Debug|x64.ActiveCfg = Debug|Any CPU
		{9CC4567F-1D10-4658-8BC9-37BC10F14E39}.Debug|x64.Build.0 = Debug|Any CPU
		{9CC4567F-1D10-4658-8BC9-37BC10F14E39}.Debug|x86.ActiveCfg = Debug|Any CPU
		{9CC4567F-1D10-4658-8BC9-37BC10F14E39}.Debug|x86.Build.0 = Debug|Any CPU
		{9CC4567F-1D10-4658-8BC9-37BC10F14E39}.Release|Any CPU.ActiveCfg = Release|Any CPU
		{9CC4567F-1D10-4658-8BC9-37BC10F14E39}.Release|Any CPU.Build.0 = Release|Any CPU
		{9CC4567F-1D10-4658-8BC9-37BC10F14E39}.Release|x64.ActiveCfg = Release|Any CPU
		{9CC4567F-1D10-4658-8BC9-37BC10F14E39}.Release|x64.Build.0 = Release|Any CPU
		{9CC4567F-1D10-4658-8BC9-37BC10F14E39}.Release|x86.ActiveCfg = Release|Any CPU
		{9CC4567F-1D10-4658-8BC9-37BC10F14E39}.Release|x86.Build.0 = Release|Any CPU
		{B30892D7-208A-4077-919E-50DCA87FFEBD}.Debug|Any CPU.ActiveCfg = Debug|Any CPU
		{B30892D7-208A-4077-919E-50DCA87FFEBD}.Debug|Any CPU.Build.0 = Debug|Any CPU
		{B30892D7-208A-4077-919E-50DCA87FFEBD}.Debug|x64.ActiveCfg = Debug|Any CPU
		{B30892D7-208A-4077-919E-50DCA87FFEBD}.Debug|x64.Build.0 = Debug|Any CPU
		{B30892D7-208A-4077-919E-50DCA87FFEBD}.Debug|x86.ActiveCfg = Debug|Any CPU
		{B30892D7-208A-4077-919E-50DCA87FFEBD}.Debug|x86.Build.0 = Debug|Any CPU
		{B30892D7-208A-4077-919E-50DCA87FFEBD}.Release|Any CPU.ActiveCfg = Release|Any CPU
		{B30892D7-208A-4077-919E-50DCA87FFEBD}.Release|Any CPU.Build.0 = Release|Any CPU
		{B30892D7-208A-4077-919E-50DCA87FFEBD}.Release|x64.ActiveCfg = Release|Any CPU
		{B30892D7-208A-4077-919E-50DCA87FFEBD}.Release|x64.Build.0 = Release|Any CPU
		{B30892D7-208A-4077-919E-50DCA87FFEBD}.Release|x86.ActiveCfg = Release|Any CPU
		{B30892D7-208A-4077-919E-50DCA87FFEBD}.Release|x86.Build.0 = Release|Any CPU
		{6D32EB2A-45CF-42C2-BD69-3E59C6E44CC0}.Debug|Any CPU.ActiveCfg = Debug|Any CPU
		{6D32EB2A-45CF-42C2-BD69-3E59C6E44CC0}.Debug|Any CPU.Build.0 = Debug|Any CPU
		{6D32EB2A-45CF-42C2-BD69-3E59C6E44CC0}.Debug|x64.ActiveCfg = Debug|Any CPU
		{6D32EB2A-45CF-42C2-BD69-3E59C6E44CC0}.Debug|x64.Build.0 = Debug|Any CPU
		{6D32EB2A-45CF-42C2-BD69-3E59C6E44CC0}.Debug|x86.ActiveCfg = Debug|Any CPU
		{6D32EB2A-45CF-42C2-BD69-3E59C6E44CC0}.Debug|x86.Build.0 = Debug|Any CPU
		{6D32EB2A-45CF-42C2-BD69-3E59C6E44CC0}.Release|Any CPU.ActiveCfg = Release|Any CPU
		{6D32EB2A-45CF-42C2-BD69-3E59C6E44CC0}.Release|Any CPU.Build.0 = Release|Any CPU
		{6D32EB2A-45CF-42C2-BD69-3E59C6E44CC0}.Release|x64.ActiveCfg = Release|Any CPU
		{6D32EB2A-45CF-42C2-BD69-3E59C6E44CC0}.Release|x64.Build.0 = Release|Any CPU
		{6D32EB2A-45CF-42C2-BD69-3E59C6E44CC0}.Release|x86.ActiveCfg = Release|Any CPU
		{6D32EB2A-45CF-42C2-BD69-3E59C6E44CC0}.Release|x86.Build.0 = Release|Any CPU
		{759BD12A-52A6-4F83-BDC9-88807B0FF7B6}.Debug|Any CPU.ActiveCfg = Debug|Any CPU
		{759BD12A-52A6-4F83-BDC9-88807B0FF7B6}.Debug|Any CPU.Build.0 = Debug|Any CPU
		{759BD12A-52A6-4F83-BDC9-88807B0FF7B6}.Debug|x64.ActiveCfg = Debug|Any CPU
		{759BD12A-52A6-4F83-BDC9-88807B0FF7B6}.Debug|x64.Build.0 = Debug|Any CPU
		{759BD12A-52A6-4F83-BDC9-88807B0FF7B6}.Debug|x86.ActiveCfg = Debug|Any CPU
		{759BD12A-52A6-4F83-BDC9-88807B0FF7B6}.Debug|x86.Build.0 = Debug|Any CPU
		{759BD12A-52A6-4F83-BDC9-88807B0FF7B6}.Release|Any CPU.ActiveCfg = Release|Any CPU
		{759BD12A-52A6-4F83-BDC9-88807B0FF7B6}.Release|Any CPU.Build.0 = Release|Any CPU
		{759BD12A-52A6-4F83-BDC9-88807B0FF7B6}.Release|x64.ActiveCfg = Release|Any CPU
		{759BD12A-52A6-4F83-BDC9-88807B0FF7B6}.Release|x64.Build.0 = Release|Any CPU
		{759BD12A-52A6-4F83-BDC9-88807B0FF7B6}.Release|x86.ActiveCfg = Release|Any CPU
		{759BD12A-52A6-4F83-BDC9-88807B0FF7B6}.Release|x86.Build.0 = Release|Any CPU
		{13F37857-4D86-4687-9CBD-CFCFC5075674}.Debug|Any CPU.ActiveCfg = Debug|Any CPU
		{13F37857-4D86-4687-9CBD-CFCFC5075674}.Debug|Any CPU.Build.0 = Debug|Any CPU
		{13F37857-4D86-4687-9CBD-CFCFC5075674}.Debug|x64.ActiveCfg = Debug|Any CPU
		{13F37857-4D86-4687-9CBD-CFCFC5075674}.Debug|x64.Build.0 = Debug|Any CPU
		{13F37857-4D86-4687-9CBD-CFCFC5075674}.Debug|x86.ActiveCfg = Debug|Any CPU
		{13F37857-4D86-4687-9CBD-CFCFC5075674}.Debug|x86.Build.0 = Debug|Any CPU
		{13F37857-4D86-4687-9CBD-CFCFC5075674}.Release|Any CPU.ActiveCfg = Release|Any CPU
		{13F37857-4D86-4687-9CBD-CFCFC5075674}.Release|Any CPU.Build.0 = Release|Any CPU
		{13F37857-4D86-4687-9CBD-CFCFC5075674}.Release|x64.ActiveCfg = Release|Any CPU
		{13F37857-4D86-4687-9CBD-CFCFC5075674}.Release|x64.Build.0 = Release|Any CPU
		{13F37857-4D86-4687-9CBD-CFCFC5075674}.Release|x86.ActiveCfg = Release|Any CPU
		{13F37857-4D86-4687-9CBD-CFCFC5075674}.Release|x86.Build.0 = Release|Any CPU
		{0729A816-9B29-4423-A5E2-C243B5DA4E8D}.Debug|Any CPU.ActiveCfg = Debug|Any CPU
		{0729A816-9B29-4423-A5E2-C243B5DA4E8D}.Debug|Any CPU.Build.0 = Debug|Any CPU
		{0729A816-9B29-4423-A5E2-C243B5DA4E8D}.Debug|x64.ActiveCfg = Debug|Any CPU
		{0729A816-9B29-4423-A5E2-C243B5DA4E8D}.Debug|x64.Build.0 = Debug|Any CPU
		{0729A816-9B29-4423-A5E2-C243B5DA4E8D}.Debug|x86.ActiveCfg = Debug|Any CPU
		{0729A816-9B29-4423-A5E2-C243B5DA4E8D}.Debug|x86.Build.0 = Debug|Any CPU
		{0729A816-9B29-4423-A5E2-C243B5DA4E8D}.Release|Any CPU.ActiveCfg = Release|Any CPU
		{0729A816-9B29-4423-A5E2-C243B5DA4E8D}.Release|Any CPU.Build.0 = Release|Any CPU
		{0729A816-9B29-4423-A5E2-C243B5DA4E8D}.Release|x64.ActiveCfg = Release|Any CPU
		{0729A816-9B29-4423-A5E2-C243B5DA4E8D}.Release|x64.Build.0 = Release|Any CPU
		{0729A816-9B29-4423-A5E2-C243B5DA4E8D}.Release|x86.ActiveCfg = Release|Any CPU
		{0729A816-9B29-4423-A5E2-C243B5DA4E8D}.Release|x86.Build.0 = Release|Any CPU
		{AB355813-6AD6-4728-A1D4-82FABCCB0461}.Debug|Any CPU.ActiveCfg = Debug|Any CPU
		{AB355813-6AD6-4728-A1D4-82FABCCB0461}.Debug|Any CPU.Build.0 = Debug|Any CPU
		{AB355813-6AD6-4728-A1D4-82FABCCB0461}.Debug|x64.ActiveCfg = Debug|Any CPU
		{AB355813-6AD6-4728-A1D4-82FABCCB0461}.Debug|x64.Build.0 = Debug|Any CPU
		{AB355813-6AD6-4728-A1D4-82FABCCB0461}.Debug|x86.ActiveCfg = Debug|Any CPU
		{AB355813-6AD6-4728-A1D4-82FABCCB0461}.Debug|x86.Build.0 = Debug|Any CPU
		{AB355813-6AD6-4728-A1D4-82FABCCB0461}.Release|Any CPU.ActiveCfg = Release|Any CPU
		{AB355813-6AD6-4728-A1D4-82FABCCB0461}.Release|Any CPU.Build.0 = Release|Any CPU
		{AB355813-6AD6-4728-A1D4-82FABCCB0461}.Release|x64.ActiveCfg = Release|Any CPU
		{AB355813-6AD6-4728-A1D4-82FABCCB0461}.Release|x64.Build.0 = Release|Any CPU
		{AB355813-6AD6-4728-A1D4-82FABCCB0461}.Release|x86.ActiveCfg = Release|Any CPU
		{AB355813-6AD6-4728-A1D4-82FABCCB0461}.Release|x86.Build.0 = Release|Any CPU
		{4703F387-0542-4BDE-AF77-F9FAD027D6BC}.Debug|Any CPU.ActiveCfg = Debug|Any CPU
		{4703F387-0542-4BDE-AF77-F9FAD027D6BC}.Debug|Any CPU.Build.0 = Debug|Any CPU
		{4703F387-0542-4BDE-AF77-F9FAD027D6BC}.Debug|x64.ActiveCfg = Debug|Any CPU
		{4703F387-0542-4BDE-AF77-F9FAD027D6BC}.Debug|x64.Build.0 = Debug|Any CPU
		{4703F387-0542-4BDE-AF77-F9FAD027D6BC}.Debug|x86.ActiveCfg = Debug|Any CPU
		{4703F387-0542-4BDE-AF77-F9FAD027D6BC}.Debug|x86.Build.0 = Debug|Any CPU
		{4703F387-0542-4BDE-AF77-F9FAD027D6BC}.Release|Any CPU.ActiveCfg = Release|Any CPU
		{4703F387-0542-4BDE-AF77-F9FAD027D6BC}.Release|Any CPU.Build.0 = Release|Any CPU
		{4703F387-0542-4BDE-AF77-F9FAD027D6BC}.Release|x64.ActiveCfg = Release|Any CPU
		{4703F387-0542-4BDE-AF77-F9FAD027D6BC}.Release|x64.Build.0 = Release|Any CPU
		{4703F387-0542-4BDE-AF77-F9FAD027D6BC}.Release|x86.ActiveCfg = Release|Any CPU
		{4703F387-0542-4BDE-AF77-F9FAD027D6BC}.Release|x86.Build.0 = Release|Any CPU
		{D7D3EE0E-7032-4EF7-955D-D8EE0E6A0106}.Debug|Any CPU.ActiveCfg = Debug|Any CPU
		{D7D3EE0E-7032-4EF7-955D-D8EE0E6A0106}.Debug|Any CPU.Build.0 = Debug|Any CPU
		{D7D3EE0E-7032-4EF7-955D-D8EE0E6A0106}.Debug|x64.ActiveCfg = Debug|Any CPU
		{D7D3EE0E-7032-4EF7-955D-D8EE0E6A0106}.Debug|x64.Build.0 = Debug|Any CPU
		{D7D3EE0E-7032-4EF7-955D-D8EE0E6A0106}.Debug|x86.ActiveCfg = Debug|Any CPU
		{D7D3EE0E-7032-4EF7-955D-D8EE0E6A0106}.Debug|x86.Build.0 = Debug|Any CPU
		{D7D3EE0E-7032-4EF7-955D-D8EE0E6A0106}.Release|Any CPU.ActiveCfg = Release|Any CPU
		{D7D3EE0E-7032-4EF7-955D-D8EE0E6A0106}.Release|Any CPU.Build.0 = Release|Any CPU
		{D7D3EE0E-7032-4EF7-955D-D8EE0E6A0106}.Release|x64.ActiveCfg = Release|Any CPU
		{D7D3EE0E-7032-4EF7-955D-D8EE0E6A0106}.Release|x64.Build.0 = Release|Any CPU
		{D7D3EE0E-7032-4EF7-955D-D8EE0E6A0106}.Release|x86.ActiveCfg = Release|Any CPU
		{D7D3EE0E-7032-4EF7-955D-D8EE0E6A0106}.Release|x86.Build.0 = Release|Any CPU
		{05AE1E12-5D2B-4BF8-8D5D-FDF2ECA54341}.Debug|Any CPU.ActiveCfg = Debug|Any CPU
		{05AE1E12-5D2B-4BF8-8D5D-FDF2ECA54341}.Debug|Any CPU.Build.0 = Debug|Any CPU
		{05AE1E12-5D2B-4BF8-8D5D-FDF2ECA54341}.Debug|x64.ActiveCfg = Debug|Any CPU
		{05AE1E12-5D2B-4BF8-8D5D-FDF2ECA54341}.Debug|x64.Build.0 = Debug|Any CPU
		{05AE1E12-5D2B-4BF8-8D5D-FDF2ECA54341}.Debug|x86.ActiveCfg = Debug|Any CPU
		{05AE1E12-5D2B-4BF8-8D5D-FDF2ECA54341}.Debug|x86.Build.0 = Debug|Any CPU
		{05AE1E12-5D2B-4BF8-8D5D-FDF2ECA54341}.Release|Any CPU.ActiveCfg = Release|Any CPU
		{05AE1E12-5D2B-4BF8-8D5D-FDF2ECA54341}.Release|Any CPU.Build.0 = Release|Any CPU
		{05AE1E12-5D2B-4BF8-8D5D-FDF2ECA54341}.Release|x64.ActiveCfg = Release|Any CPU
		{05AE1E12-5D2B-4BF8-8D5D-FDF2ECA54341}.Release|x64.Build.0 = Release|Any CPU
		{05AE1E12-5D2B-4BF8-8D5D-FDF2ECA54341}.Release|x86.ActiveCfg = Release|Any CPU
		{05AE1E12-5D2B-4BF8-8D5D-FDF2ECA54341}.Release|x86.Build.0 = Release|Any CPU
		{33C3DDEF-88CD-4DE1-A9DE-91BCD7A394F1}.Debug|Any CPU.ActiveCfg = Debug|Any CPU
		{33C3DDEF-88CD-4DE1-A9DE-91BCD7A394F1}.Debug|Any CPU.Build.0 = Debug|Any CPU
		{33C3DDEF-88CD-4DE1-A9DE-91BCD7A394F1}.Debug|x64.ActiveCfg = Debug|Any CPU
		{33C3DDEF-88CD-4DE1-A9DE-91BCD7A394F1}.Debug|x64.Build.0 = Debug|Any CPU
		{33C3DDEF-88CD-4DE1-A9DE-91BCD7A394F1}.Debug|x86.ActiveCfg = Debug|Any CPU
		{33C3DDEF-88CD-4DE1-A9DE-91BCD7A394F1}.Debug|x86.Build.0 = Debug|Any CPU
		{33C3DDEF-88CD-4DE1-A9DE-91BCD7A394F1}.Release|Any CPU.ActiveCfg = Release|Any CPU
		{33C3DDEF-88CD-4DE1-A9DE-91BCD7A394F1}.Release|Any CPU.Build.0 = Release|Any CPU
		{33C3DDEF-88CD-4DE1-A9DE-91BCD7A394F1}.Release|x64.ActiveCfg = Release|Any CPU
		{33C3DDEF-88CD-4DE1-A9DE-91BCD7A394F1}.Release|x64.Build.0 = Release|Any CPU
		{33C3DDEF-88CD-4DE1-A9DE-91BCD7A394F1}.Release|x86.ActiveCfg = Release|Any CPU
		{33C3DDEF-88CD-4DE1-A9DE-91BCD7A394F1}.Release|x86.Build.0 = Release|Any CPU
		{E3621860-FCFF-4DF6-8CC3-D747D562D58E}.Debug|Any CPU.ActiveCfg = Debug|Any CPU
		{E3621860-FCFF-4DF6-8CC3-D747D562D58E}.Debug|Any CPU.Build.0 = Debug|Any CPU
		{E3621860-FCFF-4DF6-8CC3-D747D562D58E}.Debug|x64.ActiveCfg = Debug|Any CPU
		{E3621860-FCFF-4DF6-8CC3-D747D562D58E}.Debug|x64.Build.0 = Debug|Any CPU
		{E3621860-FCFF-4DF6-8CC3-D747D562D58E}.Debug|x86.ActiveCfg = Debug|Any CPU
		{E3621860-FCFF-4DF6-8CC3-D747D562D58E}.Debug|x86.Build.0 = Debug|Any CPU
		{E3621860-FCFF-4DF6-8CC3-D747D562D58E}.Release|Any CPU.ActiveCfg = Release|Any CPU
		{E3621860-FCFF-4DF6-8CC3-D747D562D58E}.Release|Any CPU.Build.0 = Release|Any CPU
		{E3621860-FCFF-4DF6-8CC3-D747D562D58E}.Release|x64.ActiveCfg = Release|Any CPU
		{E3621860-FCFF-4DF6-8CC3-D747D562D58E}.Release|x64.Build.0 = Release|Any CPU
		{E3621860-FCFF-4DF6-8CC3-D747D562D58E}.Release|x86.ActiveCfg = Release|Any CPU
		{E3621860-FCFF-4DF6-8CC3-D747D562D58E}.Release|x86.Build.0 = Release|Any CPU
		{21AA468A-861D-41F3-860C-56E226CE1BD7}.Debug|Any CPU.ActiveCfg = Debug|Any CPU
		{21AA468A-861D-41F3-860C-56E226CE1BD7}.Debug|Any CPU.Build.0 = Debug|Any CPU
		{21AA468A-861D-41F3-860C-56E226CE1BD7}.Debug|x64.ActiveCfg = Debug|Any CPU
		{21AA468A-861D-41F3-860C-56E226CE1BD7}.Debug|x64.Build.0 = Debug|Any CPU
		{21AA468A-861D-41F3-860C-56E226CE1BD7}.Debug|x86.ActiveCfg = Debug|Any CPU
		{21AA468A-861D-41F3-860C-56E226CE1BD7}.Debug|x86.Build.0 = Debug|Any CPU
		{21AA468A-861D-41F3-860C-56E226CE1BD7}.Release|Any CPU.ActiveCfg = Release|Any CPU
		{21AA468A-861D-41F3-860C-56E226CE1BD7}.Release|Any CPU.Build.0 = Release|Any CPU
		{21AA468A-861D-41F3-860C-56E226CE1BD7}.Release|x64.ActiveCfg = Release|Any CPU
		{21AA468A-861D-41F3-860C-56E226CE1BD7}.Release|x64.Build.0 = Release|Any CPU
		{21AA468A-861D-41F3-860C-56E226CE1BD7}.Release|x86.ActiveCfg = Release|Any CPU
		{21AA468A-861D-41F3-860C-56E226CE1BD7}.Release|x86.Build.0 = Release|Any CPU
		{E631FCC6-6F53-4E45-A0BE-3C4A1088E576}.Debug|Any CPU.ActiveCfg = Debug|Any CPU
		{E631FCC6-6F53-4E45-A0BE-3C4A1088E576}.Debug|Any CPU.Build.0 = Debug|Any CPU
		{E631FCC6-6F53-4E45-A0BE-3C4A1088E576}.Debug|x64.ActiveCfg = Debug|Any CPU
		{E631FCC6-6F53-4E45-A0BE-3C4A1088E576}.Debug|x64.Build.0 = Debug|Any CPU
		{E631FCC6-6F53-4E45-A0BE-3C4A1088E576}.Debug|x86.ActiveCfg = Debug|Any CPU
		{E631FCC6-6F53-4E45-A0BE-3C4A1088E576}.Debug|x86.Build.0 = Debug|Any CPU
		{E631FCC6-6F53-4E45-A0BE-3C4A1088E576}.Release|Any CPU.ActiveCfg = Release|Any CPU
		{E631FCC6-6F53-4E45-A0BE-3C4A1088E576}.Release|Any CPU.Build.0 = Release|Any CPU
		{E631FCC6-6F53-4E45-A0BE-3C4A1088E576}.Release|x64.ActiveCfg = Release|Any CPU
		{E631FCC6-6F53-4E45-A0BE-3C4A1088E576}.Release|x64.Build.0 = Release|Any CPU
		{E631FCC6-6F53-4E45-A0BE-3C4A1088E576}.Release|x86.ActiveCfg = Release|Any CPU
		{E631FCC6-6F53-4E45-A0BE-3C4A1088E576}.Release|x86.Build.0 = Release|Any CPU
		{035E067A-401F-4FCA-9627-9788E3AEF4E3}.Debug|Any CPU.ActiveCfg = Debug|Any CPU
		{035E067A-401F-4FCA-9627-9788E3AEF4E3}.Debug|Any CPU.Build.0 = Debug|Any CPU
		{035E067A-401F-4FCA-9627-9788E3AEF4E3}.Debug|x64.ActiveCfg = Debug|Any CPU
		{035E067A-401F-4FCA-9627-9788E3AEF4E3}.Debug|x64.Build.0 = Debug|Any CPU
		{035E067A-401F-4FCA-9627-9788E3AEF4E3}.Debug|x86.ActiveCfg = Debug|Any CPU
		{035E067A-401F-4FCA-9627-9788E3AEF4E3}.Debug|x86.Build.0 = Debug|Any CPU
		{035E067A-401F-4FCA-9627-9788E3AEF4E3}.Release|Any CPU.ActiveCfg = Release|Any CPU
		{035E067A-401F-4FCA-9627-9788E3AEF4E3}.Release|Any CPU.Build.0 = Release|Any CPU
		{035E067A-401F-4FCA-9627-9788E3AEF4E3}.Release|x64.ActiveCfg = Release|Any CPU
		{035E067A-401F-4FCA-9627-9788E3AEF4E3}.Release|x64.Build.0 = Release|Any CPU
		{035E067A-401F-4FCA-9627-9788E3AEF4E3}.Release|x86.ActiveCfg = Release|Any CPU
		{035E067A-401F-4FCA-9627-9788E3AEF4E3}.Release|x86.Build.0 = Release|Any CPU
		{A5FFA2AE-25DE-406C-A5C3-B513C53194B3}.Debug|Any CPU.ActiveCfg = Debug|Any CPU
		{A5FFA2AE-25DE-406C-A5C3-B513C53194B3}.Debug|Any CPU.Build.0 = Debug|Any CPU
		{A5FFA2AE-25DE-406C-A5C3-B513C53194B3}.Debug|x64.ActiveCfg = Debug|Any CPU
		{A5FFA2AE-25DE-406C-A5C3-B513C53194B3}.Debug|x64.Build.0 = Debug|Any CPU
		{A5FFA2AE-25DE-406C-A5C3-B513C53194B3}.Debug|x86.ActiveCfg = Debug|Any CPU
		{A5FFA2AE-25DE-406C-A5C3-B513C53194B3}.Debug|x86.Build.0 = Debug|Any CPU
		{A5FFA2AE-25DE-406C-A5C3-B513C53194B3}.Release|Any CPU.ActiveCfg = Release|Any CPU
		{A5FFA2AE-25DE-406C-A5C3-B513C53194B3}.Release|Any CPU.Build.0 = Release|Any CPU
		{A5FFA2AE-25DE-406C-A5C3-B513C53194B3}.Release|x64.ActiveCfg = Release|Any CPU
		{A5FFA2AE-25DE-406C-A5C3-B513C53194B3}.Release|x64.Build.0 = Release|Any CPU
		{A5FFA2AE-25DE-406C-A5C3-B513C53194B3}.Release|x86.ActiveCfg = Release|Any CPU
		{A5FFA2AE-25DE-406C-A5C3-B513C53194B3}.Release|x86.Build.0 = Release|Any CPU
		{7A54DD80-AE6B-48E9-92F8-C6D4DD759632}.Debug|Any CPU.ActiveCfg = Debug|Any CPU
		{7A54DD80-AE6B-48E9-92F8-C6D4DD759632}.Debug|Any CPU.Build.0 = Debug|Any CPU
		{7A54DD80-AE6B-48E9-92F8-C6D4DD759632}.Debug|x64.ActiveCfg = Debug|Any CPU
		{7A54DD80-AE6B-48E9-92F8-C6D4DD759632}.Debug|x64.Build.0 = Debug|Any CPU
		{7A54DD80-AE6B-48E9-92F8-C6D4DD759632}.Debug|x86.ActiveCfg = Debug|Any CPU
		{7A54DD80-AE6B-48E9-92F8-C6D4DD759632}.Debug|x86.Build.0 = Debug|Any CPU
		{7A54DD80-AE6B-48E9-92F8-C6D4DD759632}.Release|Any CPU.ActiveCfg = Release|Any CPU
		{7A54DD80-AE6B-48E9-92F8-C6D4DD759632}.Release|Any CPU.Build.0 = Release|Any CPU
		{7A54DD80-AE6B-48E9-92F8-C6D4DD759632}.Release|x64.ActiveCfg = Release|Any CPU
		{7A54DD80-AE6B-48E9-92F8-C6D4DD759632}.Release|x64.Build.0 = Release|Any CPU
		{7A54DD80-AE6B-48E9-92F8-C6D4DD759632}.Release|x86.ActiveCfg = Release|Any CPU
		{7A54DD80-AE6B-48E9-92F8-C6D4DD759632}.Release|x86.Build.0 = Release|Any CPU
		{F6C64C5E-26B9-4034-9792-820097EB39AC}.Debug|Any CPU.ActiveCfg = Debug|Any CPU
		{F6C64C5E-26B9-4034-9792-820097EB39AC}.Debug|Any CPU.Build.0 = Debug|Any CPU
		{F6C64C5E-26B9-4034-9792-820097EB39AC}.Debug|x64.ActiveCfg = Debug|Any CPU
		{F6C64C5E-26B9-4034-9792-820097EB39AC}.Debug|x64.Build.0 = Debug|Any CPU
		{F6C64C5E-26B9-4034-9792-820097EB39AC}.Debug|x86.ActiveCfg = Debug|Any CPU
		{F6C64C5E-26B9-4034-9792-820097EB39AC}.Debug|x86.Build.0 = Debug|Any CPU
		{F6C64C5E-26B9-4034-9792-820097EB39AC}.Release|Any CPU.ActiveCfg = Release|Any CPU
		{F6C64C5E-26B9-4034-9792-820097EB39AC}.Release|Any CPU.Build.0 = Release|Any CPU
		{F6C64C5E-26B9-4034-9792-820097EB39AC}.Release|x64.ActiveCfg = Release|Any CPU
		{F6C64C5E-26B9-4034-9792-820097EB39AC}.Release|x64.Build.0 = Release|Any CPU
		{F6C64C5E-26B9-4034-9792-820097EB39AC}.Release|x86.ActiveCfg = Release|Any CPU
		{F6C64C5E-26B9-4034-9792-820097EB39AC}.Release|x86.Build.0 = Release|Any CPU
		{F78E8CC7-6C28-4838-8D11-816DF0B6B251}.Debug|Any CPU.ActiveCfg = Debug|Any CPU
		{F78E8CC7-6C28-4838-8D11-816DF0B6B251}.Debug|Any CPU.Build.0 = Debug|Any CPU
		{F78E8CC7-6C28-4838-8D11-816DF0B6B251}.Debug|x64.ActiveCfg = Debug|Any CPU
		{F78E8CC7-6C28-4838-8D11-816DF0B6B251}.Debug|x64.Build.0 = Debug|Any CPU
		{F78E8CC7-6C28-4838-8D11-816DF0B6B251}.Debug|x86.ActiveCfg = Debug|Any CPU
		{F78E8CC7-6C28-4838-8D11-816DF0B6B251}.Debug|x86.Build.0 = Debug|Any CPU
		{F78E8CC7-6C28-4838-8D11-816DF0B6B251}.Release|Any CPU.ActiveCfg = Release|Any CPU
		{F78E8CC7-6C28-4838-8D11-816DF0B6B251}.Release|Any CPU.Build.0 = Release|Any CPU
		{F78E8CC7-6C28-4838-8D11-816DF0B6B251}.Release|x64.ActiveCfg = Release|Any CPU
		{F78E8CC7-6C28-4838-8D11-816DF0B6B251}.Release|x64.Build.0 = Release|Any CPU
		{F78E8CC7-6C28-4838-8D11-816DF0B6B251}.Release|x86.ActiveCfg = Release|Any CPU
		{F78E8CC7-6C28-4838-8D11-816DF0B6B251}.Release|x86.Build.0 = Release|Any CPU
		{6576C37B-B1CB-4B46-9B30-771FD88B40B0}.Debug|Any CPU.ActiveCfg = Debug|Any CPU
		{6576C37B-B1CB-4B46-9B30-771FD88B40B0}.Debug|Any CPU.Build.0 = Debug|Any CPU
		{6576C37B-B1CB-4B46-9B30-771FD88B40B0}.Debug|x64.ActiveCfg = Debug|Any CPU
		{6576C37B-B1CB-4B46-9B30-771FD88B40B0}.Debug|x64.Build.0 = Debug|Any CPU
		{6576C37B-B1CB-4B46-9B30-771FD88B40B0}.Debug|x86.ActiveCfg = Debug|Any CPU
		{6576C37B-B1CB-4B46-9B30-771FD88B40B0}.Debug|x86.Build.0 = Debug|Any CPU
		{6576C37B-B1CB-4B46-9B30-771FD88B40B0}.Release|Any CPU.ActiveCfg = Release|Any CPU
		{6576C37B-B1CB-4B46-9B30-771FD88B40B0}.Release|Any CPU.Build.0 = Release|Any CPU
		{6576C37B-B1CB-4B46-9B30-771FD88B40B0}.Release|x64.ActiveCfg = Release|Any CPU
		{6576C37B-B1CB-4B46-9B30-771FD88B40B0}.Release|x64.Build.0 = Release|Any CPU
		{6576C37B-B1CB-4B46-9B30-771FD88B40B0}.Release|x86.ActiveCfg = Release|Any CPU
		{6576C37B-B1CB-4B46-9B30-771FD88B40B0}.Release|x86.Build.0 = Release|Any CPU
		{F4539212-A345-4248-80D9-50A301227EFC}.Debug|Any CPU.ActiveCfg = Debug|Any CPU
		{F4539212-A345-4248-80D9-50A301227EFC}.Debug|Any CPU.Build.0 = Debug|Any CPU
		{F4539212-A345-4248-80D9-50A301227EFC}.Debug|x64.ActiveCfg = Debug|Any CPU
		{F4539212-A345-4248-80D9-50A301227EFC}.Debug|x64.Build.0 = Debug|Any CPU
		{F4539212-A345-4248-80D9-50A301227EFC}.Debug|x86.ActiveCfg = Debug|Any CPU
		{F4539212-A345-4248-80D9-50A301227EFC}.Debug|x86.Build.0 = Debug|Any CPU
		{F4539212-A345-4248-80D9-50A301227EFC}.Release|Any CPU.ActiveCfg = Release|Any CPU
		{F4539212-A345-4248-80D9-50A301227EFC}.Release|Any CPU.Build.0 = Release|Any CPU
		{F4539212-A345-4248-80D9-50A301227EFC}.Release|x64.ActiveCfg = Release|Any CPU
		{F4539212-A345-4248-80D9-50A301227EFC}.Release|x64.Build.0 = Release|Any CPU
		{F4539212-A345-4248-80D9-50A301227EFC}.Release|x86.ActiveCfg = Release|Any CPU
		{F4539212-A345-4248-80D9-50A301227EFC}.Release|x86.Build.0 = Release|Any CPU
		{4DFF7C68-ECD0-4DE9-A33E-5CDB9A5B13FD}.Debug|Any CPU.ActiveCfg = Debug|Any CPU
		{4DFF7C68-ECD0-4DE9-A33E-5CDB9A5B13FD}.Debug|Any CPU.Build.0 = Debug|Any CPU
		{4DFF7C68-ECD0-4DE9-A33E-5CDB9A5B13FD}.Debug|x64.ActiveCfg = Debug|Any CPU
		{4DFF7C68-ECD0-4DE9-A33E-5CDB9A5B13FD}.Debug|x64.Build.0 = Debug|Any CPU
		{4DFF7C68-ECD0-4DE9-A33E-5CDB9A5B13FD}.Debug|x86.ActiveCfg = Debug|Any CPU
		{4DFF7C68-ECD0-4DE9-A33E-5CDB9A5B13FD}.Debug|x86.Build.0 = Debug|Any CPU
		{4DFF7C68-ECD0-4DE9-A33E-5CDB9A5B13FD}.Release|Any CPU.ActiveCfg = Release|Any CPU
		{4DFF7C68-ECD0-4DE9-A33E-5CDB9A5B13FD}.Release|Any CPU.Build.0 = Release|Any CPU
		{4DFF7C68-ECD0-4DE9-A33E-5CDB9A5B13FD}.Release|x64.ActiveCfg = Release|Any CPU
		{4DFF7C68-ECD0-4DE9-A33E-5CDB9A5B13FD}.Release|x64.Build.0 = Release|Any CPU
		{4DFF7C68-ECD0-4DE9-A33E-5CDB9A5B13FD}.Release|x86.ActiveCfg = Release|Any CPU
		{4DFF7C68-ECD0-4DE9-A33E-5CDB9A5B13FD}.Release|x86.Build.0 = Release|Any CPU
		{A7A5C956-38A4-4354-83B1-3F1294BC1B97}.Debug|Any CPU.ActiveCfg = Debug|Any CPU
		{A7A5C956-38A4-4354-83B1-3F1294BC1B97}.Debug|Any CPU.Build.0 = Debug|Any CPU
		{A7A5C956-38A4-4354-83B1-3F1294BC1B97}.Debug|x64.ActiveCfg = Debug|Any CPU
		{A7A5C956-38A4-4354-83B1-3F1294BC1B97}.Debug|x64.Build.0 = Debug|Any CPU
		{A7A5C956-38A4-4354-83B1-3F1294BC1B97}.Debug|x86.ActiveCfg = Debug|Any CPU
		{A7A5C956-38A4-4354-83B1-3F1294BC1B97}.Debug|x86.Build.0 = Debug|Any CPU
		{A7A5C956-38A4-4354-83B1-3F1294BC1B97}.Release|Any CPU.ActiveCfg = Release|Any CPU
		{A7A5C956-38A4-4354-83B1-3F1294BC1B97}.Release|Any CPU.Build.0 = Release|Any CPU
		{A7A5C956-38A4-4354-83B1-3F1294BC1B97}.Release|x64.ActiveCfg = Release|Any CPU
		{A7A5C956-38A4-4354-83B1-3F1294BC1B97}.Release|x64.Build.0 = Release|Any CPU
		{A7A5C956-38A4-4354-83B1-3F1294BC1B97}.Release|x86.ActiveCfg = Release|Any CPU
		{A7A5C956-38A4-4354-83B1-3F1294BC1B97}.Release|x86.Build.0 = Release|Any CPU
		{6369583D-8564-4D5C-AF37-6F84E23BB998}.Debug|Any CPU.ActiveCfg = Debug|Any CPU
		{6369583D-8564-4D5C-AF37-6F84E23BB998}.Debug|Any CPU.Build.0 = Debug|Any CPU
		{6369583D-8564-4D5C-AF37-6F84E23BB998}.Debug|x64.ActiveCfg = Debug|Any CPU
		{6369583D-8564-4D5C-AF37-6F84E23BB998}.Debug|x64.Build.0 = Debug|Any CPU
		{6369583D-8564-4D5C-AF37-6F84E23BB998}.Debug|x86.ActiveCfg = Debug|Any CPU
		{6369583D-8564-4D5C-AF37-6F84E23BB998}.Debug|x86.Build.0 = Debug|Any CPU
		{6369583D-8564-4D5C-AF37-6F84E23BB998}.Release|Any CPU.ActiveCfg = Release|Any CPU
		{6369583D-8564-4D5C-AF37-6F84E23BB998}.Release|Any CPU.Build.0 = Release|Any CPU
		{6369583D-8564-4D5C-AF37-6F84E23BB998}.Release|x64.ActiveCfg = Release|Any CPU
		{6369583D-8564-4D5C-AF37-6F84E23BB998}.Release|x64.Build.0 = Release|Any CPU
		{6369583D-8564-4D5C-AF37-6F84E23BB998}.Release|x86.ActiveCfg = Release|Any CPU
		{6369583D-8564-4D5C-AF37-6F84E23BB998}.Release|x86.Build.0 = Release|Any CPU
		{3975F5FA-C1FC-4DA2-AC6D-F97DA58E2808}.Debug|Any CPU.ActiveCfg = Debug|Any CPU
		{3975F5FA-C1FC-4DA2-AC6D-F97DA58E2808}.Debug|Any CPU.Build.0 = Debug|Any CPU
		{3975F5FA-C1FC-4DA2-AC6D-F97DA58E2808}.Debug|x64.ActiveCfg = Debug|Any CPU
		{3975F5FA-C1FC-4DA2-AC6D-F97DA58E2808}.Debug|x64.Build.0 = Debug|Any CPU
		{3975F5FA-C1FC-4DA2-AC6D-F97DA58E2808}.Debug|x86.ActiveCfg = Debug|Any CPU
		{3975F5FA-C1FC-4DA2-AC6D-F97DA58E2808}.Debug|x86.Build.0 = Debug|Any CPU
		{3975F5FA-C1FC-4DA2-AC6D-F97DA58E2808}.Release|Any CPU.ActiveCfg = Release|Any CPU
		{3975F5FA-C1FC-4DA2-AC6D-F97DA58E2808}.Release|Any CPU.Build.0 = Release|Any CPU
		{3975F5FA-C1FC-4DA2-AC6D-F97DA58E2808}.Release|x64.ActiveCfg = Release|Any CPU
		{3975F5FA-C1FC-4DA2-AC6D-F97DA58E2808}.Release|x64.Build.0 = Release|Any CPU
		{3975F5FA-C1FC-4DA2-AC6D-F97DA58E2808}.Release|x86.ActiveCfg = Release|Any CPU
		{3975F5FA-C1FC-4DA2-AC6D-F97DA58E2808}.Release|x86.Build.0 = Release|Any CPU
		{EABC809B-802A-4D86-B527-15727019230B}.Debug|Any CPU.ActiveCfg = Debug|Any CPU
		{EABC809B-802A-4D86-B527-15727019230B}.Debug|Any CPU.Build.0 = Debug|Any CPU
		{EABC809B-802A-4D86-B527-15727019230B}.Debug|x64.ActiveCfg = Debug|Any CPU
		{EABC809B-802A-4D86-B527-15727019230B}.Debug|x64.Build.0 = Debug|Any CPU
		{EABC809B-802A-4D86-B527-15727019230B}.Debug|x86.ActiveCfg = Debug|Any CPU
		{EABC809B-802A-4D86-B527-15727019230B}.Debug|x86.Build.0 = Debug|Any CPU
		{EABC809B-802A-4D86-B527-15727019230B}.Release|Any CPU.ActiveCfg = Release|Any CPU
		{EABC809B-802A-4D86-B527-15727019230B}.Release|Any CPU.Build.0 = Release|Any CPU
		{EABC809B-802A-4D86-B527-15727019230B}.Release|x64.ActiveCfg = Release|Any CPU
		{EABC809B-802A-4D86-B527-15727019230B}.Release|x64.Build.0 = Release|Any CPU
		{EABC809B-802A-4D86-B527-15727019230B}.Release|x86.ActiveCfg = Release|Any CPU
		{EABC809B-802A-4D86-B527-15727019230B}.Release|x86.Build.0 = Release|Any CPU
		{B12E9200-2A7E-426D-9ED4-C913CB98BA9A}.Debug|Any CPU.ActiveCfg = Debug|Any CPU
		{B12E9200-2A7E-426D-9ED4-C913CB98BA9A}.Debug|Any CPU.Build.0 = Debug|Any CPU
		{B12E9200-2A7E-426D-9ED4-C913CB98BA9A}.Debug|x64.ActiveCfg = Debug|Any CPU
		{B12E9200-2A7E-426D-9ED4-C913CB98BA9A}.Debug|x64.Build.0 = Debug|Any CPU
		{B12E9200-2A7E-426D-9ED4-C913CB98BA9A}.Debug|x86.ActiveCfg = Debug|Any CPU
		{B12E9200-2A7E-426D-9ED4-C913CB98BA9A}.Debug|x86.Build.0 = Debug|Any CPU
		{B12E9200-2A7E-426D-9ED4-C913CB98BA9A}.Release|Any CPU.ActiveCfg = Release|Any CPU
		{B12E9200-2A7E-426D-9ED4-C913CB98BA9A}.Release|Any CPU.Build.0 = Release|Any CPU
		{B12E9200-2A7E-426D-9ED4-C913CB98BA9A}.Release|x64.ActiveCfg = Release|Any CPU
		{B12E9200-2A7E-426D-9ED4-C913CB98BA9A}.Release|x64.Build.0 = Release|Any CPU
		{B12E9200-2A7E-426D-9ED4-C913CB98BA9A}.Release|x86.ActiveCfg = Release|Any CPU
		{B12E9200-2A7E-426D-9ED4-C913CB98BA9A}.Release|x86.Build.0 = Release|Any CPU
		{D4C81645-48F5-46CD-BEDE-E562048F9732}.Debug|Any CPU.ActiveCfg = Debug|Any CPU
		{D4C81645-48F5-46CD-BEDE-E562048F9732}.Debug|Any CPU.Build.0 = Debug|Any CPU
		{D4C81645-48F5-46CD-BEDE-E562048F9732}.Debug|x64.ActiveCfg = Debug|Any CPU
		{D4C81645-48F5-46CD-BEDE-E562048F9732}.Debug|x64.Build.0 = Debug|Any CPU
		{D4C81645-48F5-46CD-BEDE-E562048F9732}.Debug|x86.ActiveCfg = Debug|Any CPU
		{D4C81645-48F5-46CD-BEDE-E562048F9732}.Debug|x86.Build.0 = Debug|Any CPU
		{D4C81645-48F5-46CD-BEDE-E562048F9732}.Release|Any CPU.ActiveCfg = Release|Any CPU
		{D4C81645-48F5-46CD-BEDE-E562048F9732}.Release|Any CPU.Build.0 = Release|Any CPU
		{D4C81645-48F5-46CD-BEDE-E562048F9732}.Release|x64.ActiveCfg = Release|Any CPU
		{D4C81645-48F5-46CD-BEDE-E562048F9732}.Release|x64.Build.0 = Release|Any CPU
		{D4C81645-48F5-46CD-BEDE-E562048F9732}.Release|x86.ActiveCfg = Release|Any CPU
		{D4C81645-48F5-46CD-BEDE-E562048F9732}.Release|x86.Build.0 = Release|Any CPU
		{A468A45C-18CD-49D1-8F71-70F2A945C398}.Debug|Any CPU.ActiveCfg = Debug|Any CPU
		{A468A45C-18CD-49D1-8F71-70F2A945C398}.Debug|Any CPU.Build.0 = Debug|Any CPU
		{A468A45C-18CD-49D1-8F71-70F2A945C398}.Debug|x64.ActiveCfg = Debug|Any CPU
		{A468A45C-18CD-49D1-8F71-70F2A945C398}.Debug|x64.Build.0 = Debug|Any CPU
		{A468A45C-18CD-49D1-8F71-70F2A945C398}.Debug|x86.ActiveCfg = Debug|Any CPU
		{A468A45C-18CD-49D1-8F71-70F2A945C398}.Debug|x86.Build.0 = Debug|Any CPU
		{A468A45C-18CD-49D1-8F71-70F2A945C398}.Release|Any CPU.ActiveCfg = Release|Any CPU
		{A468A45C-18CD-49D1-8F71-70F2A945C398}.Release|Any CPU.Build.0 = Release|Any CPU
		{A468A45C-18CD-49D1-8F71-70F2A945C398}.Release|x64.ActiveCfg = Release|Any CPU
		{A468A45C-18CD-49D1-8F71-70F2A945C398}.Release|x64.Build.0 = Release|Any CPU
		{A468A45C-18CD-49D1-8F71-70F2A945C398}.Release|x86.ActiveCfg = Release|Any CPU
		{A468A45C-18CD-49D1-8F71-70F2A945C398}.Release|x86.Build.0 = Release|Any CPU
		{B289A98C-300A-4B04-83F4-21C5DA478246}.Debug|Any CPU.ActiveCfg = Debug|Any CPU
		{B289A98C-300A-4B04-83F4-21C5DA478246}.Debug|Any CPU.Build.0 = Debug|Any CPU
		{B289A98C-300A-4B04-83F4-21C5DA478246}.Debug|x64.ActiveCfg = Debug|Any CPU
		{B289A98C-300A-4B04-83F4-21C5DA478246}.Debug|x64.Build.0 = Debug|Any CPU
		{B289A98C-300A-4B04-83F4-21C5DA478246}.Debug|x86.ActiveCfg = Debug|Any CPU
		{B289A98C-300A-4B04-83F4-21C5DA478246}.Debug|x86.Build.0 = Debug|Any CPU
		{B289A98C-300A-4B04-83F4-21C5DA478246}.Release|Any CPU.ActiveCfg = Release|Any CPU
		{B289A98C-300A-4B04-83F4-21C5DA478246}.Release|Any CPU.Build.0 = Release|Any CPU
		{B289A98C-300A-4B04-83F4-21C5DA478246}.Release|x64.ActiveCfg = Release|Any CPU
		{B289A98C-300A-4B04-83F4-21C5DA478246}.Release|x64.Build.0 = Release|Any CPU
		{B289A98C-300A-4B04-83F4-21C5DA478246}.Release|x86.ActiveCfg = Release|Any CPU
		{B289A98C-300A-4B04-83F4-21C5DA478246}.Release|x86.Build.0 = Release|Any CPU
		{08656F08-FDC9-4918-BF51-26F1C9D9AE8F}.Debug|Any CPU.ActiveCfg = Debug|Any CPU
		{08656F08-FDC9-4918-BF51-26F1C9D9AE8F}.Debug|Any CPU.Build.0 = Debug|Any CPU
		{08656F08-FDC9-4918-BF51-26F1C9D9AE8F}.Debug|x64.ActiveCfg = Debug|Any CPU
		{08656F08-FDC9-4918-BF51-26F1C9D9AE8F}.Debug|x64.Build.0 = Debug|Any CPU
		{08656F08-FDC9-4918-BF51-26F1C9D9AE8F}.Debug|x86.ActiveCfg = Debug|Any CPU
		{08656F08-FDC9-4918-BF51-26F1C9D9AE8F}.Debug|x86.Build.0 = Debug|Any CPU
		{08656F08-FDC9-4918-BF51-26F1C9D9AE8F}.Release|Any CPU.ActiveCfg = Release|Any CPU
		{08656F08-FDC9-4918-BF51-26F1C9D9AE8F}.Release|Any CPU.Build.0 = Release|Any CPU
		{08656F08-FDC9-4918-BF51-26F1C9D9AE8F}.Release|x64.ActiveCfg = Release|Any CPU
		{08656F08-FDC9-4918-BF51-26F1C9D9AE8F}.Release|x64.Build.0 = Release|Any CPU
		{08656F08-FDC9-4918-BF51-26F1C9D9AE8F}.Release|x86.ActiveCfg = Release|Any CPU
		{08656F08-FDC9-4918-BF51-26F1C9D9AE8F}.Release|x86.Build.0 = Release|Any CPU
	EndGlobalSection
	GlobalSection(SolutionProperties) = preSolution
		HideSolutionNode = FALSE
	EndGlobalSection
	GlobalSection(NestedProjects) = preSolution
		{D479E6F8-8035-4919-9ED5-17A6C999CD71} = {FBF56CC3-7AE6-AD2D-3F14-7F97FD322CD6}
		{CC141F79-A2DD-46BB-A1C1-6CF7A67B0C6F} = {FBF56CC3-7AE6-AD2D-3F14-7F97FD322CD6}
		{F0A10208-CB28-40E5-BC8F-13378C0B8C9B} = {FBF56CC3-7AE6-AD2D-3F14-7F97FD322CD6}
		{56E737D1-90BC-4CD2-B65E-F03075CCA4CB} = {DFEE68D8-A7D0-1A41-506C-9B74AA9A7B7B}
		{15B44D3A-F56A-4F43-AA87-9409199FD7EB} = {DFEE68D8-A7D0-1A41-506C-9B74AA9A7B7B}
		{B1E88386-C932-4F7A-846E-8849C22FBE9B} = {DFEE68D8-A7D0-1A41-506C-9B74AA9A7B7B}
		{9CC4567F-1D10-4658-8BC9-37BC10F14E39} = {DFEE68D8-A7D0-1A41-506C-9B74AA9A7B7B}
		{B30892D7-208A-4077-919E-50DCA87FFEBD} = {DFEE68D8-A7D0-1A41-506C-9B74AA9A7B7B}
		{6D32EB2A-45CF-42C2-BD69-3E59C6E44CC0} = {DFEE68D8-A7D0-1A41-506C-9B74AA9A7B7B}
		{759BD12A-52A6-4F83-BDC9-88807B0FF7B6} = {DFEE68D8-A7D0-1A41-506C-9B74AA9A7B7B}
		{13F37857-4D86-4687-9CBD-CFCFC5075674} = {DFEE68D8-A7D0-1A41-506C-9B74AA9A7B7B}
		{0729A816-9B29-4423-A5E2-C243B5DA4E8D} = {DFEE68D8-A7D0-1A41-506C-9B74AA9A7B7B}
		{AB355813-6AD6-4728-A1D4-82FABCCB0461} = {DFEE68D8-A7D0-1A41-506C-9B74AA9A7B7B}
		{4703F387-0542-4BDE-AF77-F9FAD027D6BC} = {DFEE68D8-A7D0-1A41-506C-9B74AA9A7B7B}
		{D7D3EE0E-7032-4EF7-955D-D8EE0E6A0106} = {DFEE68D8-A7D0-1A41-506C-9B74AA9A7B7B}
		{05AE1E12-5D2B-4BF8-8D5D-FDF2ECA54341} = {DFEE68D8-A7D0-1A41-506C-9B74AA9A7B7B}
		{33C3DDEF-88CD-4DE1-A9DE-91BCD7A394F1} = {DFEE68D8-A7D0-1A41-506C-9B74AA9A7B7B}
		{E3621860-FCFF-4DF6-8CC3-D747D562D58E} = {DFEE68D8-A7D0-1A41-506C-9B74AA9A7B7B}
		{21AA468A-861D-41F3-860C-56E226CE1BD7} = {4695A4CC-2808-B473-78D8-BE303A4A5026}
		{E631FCC6-6F53-4E45-A0BE-3C4A1088E576} = {4695A4CC-2808-B473-78D8-BE303A4A5026}
		{035E067A-401F-4FCA-9627-9788E3AEF4E3} = {4695A4CC-2808-B473-78D8-BE303A4A5026}
		{A5FFA2AE-25DE-406C-A5C3-B513C53194B3} = {6EDC7094-E22D-CF10-605B-B42C7FB8B0A8}
		{7A54DD80-AE6B-48E9-92F8-C6D4DD759632} = {6EDC7094-E22D-CF10-605B-B42C7FB8B0A8}
		{F6C64C5E-26B9-4034-9792-820097EB39AC} = {6EDC7094-E22D-CF10-605B-B42C7FB8B0A8}
		{F78E8CC7-6C28-4838-8D11-816DF0B6B251} = {73F6F5C5-DEE9-7566-7E45-80314309C301}
		{6576C37B-B1CB-4B46-9B30-771FD88B40B0} = {73F6F5C5-DEE9-7566-7E45-80314309C301}
		{F4539212-A345-4248-80D9-50A301227EFC} = {73F6F5C5-DEE9-7566-7E45-80314309C301}
		{4DFF7C68-ECD0-4DE9-A33E-5CDB9A5B13FD} = {73F6F5C5-DEE9-7566-7E45-80314309C301}
		{A7A5C956-38A4-4354-83B1-3F1294BC1B97} = {E7BDDBC6-9FD1-D1D7-ACD8-2C4F8E3D2461}
		{6369583D-8564-4D5C-AF37-6F84E23BB998} = {1ED04488-230B-86DB-8CF1-429704D2F8F4}
		{3975F5FA-C1FC-4DA2-AC6D-F97DA58E2808} = {055277D8-0B3B-A388-B9E2-0CA913C660FF}
		{EABC809B-802A-4D86-B527-15727019230B} = {6F36DFF3-7462-FD5A-2A3F-DE707B7A185D}
		{08656F08-FDC9-4918-BF51-26F1C9D9AE8F} = {6EDC7094-E22D-CF10-605B-B42C7FB8B0A8}
	EndGlobalSection
	GlobalSection(ExtensibilityGlobals) = postSolution
		SolutionGuid = {107F63D4-BFD7-4D7E-8911-121EB9D7C331}
	EndGlobalSection
EndGlobal
